
Microsoft Visual Studio Solution File, Format Version 12.00
# Visual Studio Version 16
VisualStudioVersion = 16.0.29102.190
MinimumVisualStudioVersion = 10.0.40219.1
Project("{FAE04EC0-301F-11D3-BF4B-00C04F79EFBC}") = "Practice", "Practice\Practice.csproj", "{C40B9CA9-BB38-4BF1-960C-E4932D3EA6D1}"
EndProject
Project("{FAE04EC0-301F-11D3-BF4B-00C04F79EFBC}") = "PracticeTest", "PracticeTest\PracticeTest.csproj", "{1716E17E-B975-4AA3-94BC-7546B611933C}"
EndProject
Global
	GlobalSection(SolutionConfigurationPlatforms) = preSolution
		Debug|Any CPU = Debug|Any CPU
		Release|Any CPU = Release|Any CPU
	EndGlobalSection
	GlobalSection(ProjectConfigurationPlatforms) = postSolution
		{C40B9CA9-BB38-4BF1-960C-E4932D3EA6D1}.Debug|Any CPU.ActiveCfg = Debug|Any CPU
		{C40B9CA9-BB38-4BF1-960C-E4932D3EA6D1}.Debug|Any CPU.Build.0 = Debug|Any CPU
		{C40B9CA9-BB38-4BF1-960C-E4932D3EA6D1}.Release|Any CPU.ActiveCfg = Release|Any CPU
		{C40B9CA9-BB38-4BF1-960C-E4932D3EA6D1}.Release|Any CPU.Build.0 = Release|Any CPU
		{1716E17E-B975-4AA3-94BC-7546B611933C}.Debug|Any CPU.ActiveCfg = Debug|Any CPU
		{1716E17E-B975-4AA3-94BC-7546B611933C}.Debug|Any CPU.Build.0 = Debug|Any CPU
		{1716E17E-B975-4AA3-94BC-7546B611933C}.Release|Any CPU.ActiveCfg = Release|Any CPU
		{1716E17E-B975-4AA3-94BC-7546B611933C}.Release|Any CPU.Build.0 = Release|Any CPU
	EndGlobalSection
	GlobalSection(SolutionProperties) = preSolution
		HideSolutionNode = FALSE
	EndGlobalSection
	GlobalSection(ExtensibilityGlobals) = postSolution
		SolutionGuid = {56039D54-204F-4953-B4A9-377A2E2C6FEF}
	EndGlobalSection
EndGlobal
